// !$*UTF8*$!
{
	archiveVersion = 1;
	classes = {
	};
	objectVersion = 56;
	objects = {

/* Begin PBXBuildFile section */
		1137CE6F2C4378A8008E67A0 /* DynamicTheme.swift in Sources */ = {isa = PBXBuildFile; fileRef = 1137CE6E2C4378A8008E67A0 /* DynamicTheme.swift */; };
		1137CE712C4378CC008E67A0 /* StaticTheme.swift in Sources */ = {isa = PBXBuildFile; fileRef = 1137CE702C4378CC008E67A0 /* StaticTheme.swift */; };
		1137CE732C437ED9008E67A0 /* Colors.swift in Sources */ = {isa = PBXBuildFile; fileRef = 1137CE722C437ED9008E67A0 /* Colors.swift */; };
		11391CE12C5E8E6C003009F8 /* ButtonTestViewStyle.swift in Sources */ = {isa = PBXBuildFile; fileRef = 11391CE02C5E8E6C003009F8 /* ButtonTestViewStyle.swift */; };
		11391CE32C5E8E8B003009F8 /* FireflyCircleButtonStyle.swift in Sources */ = {isa = PBXBuildFile; fileRef = 11391CE22C5E8E8B003009F8 /* FireflyCircleButtonStyle.swift */; };
		11391CE52C5E8E9C003009F8 /* FireflyTextMaskButtonStyle.swift in Sources */ = {isa = PBXBuildFile; fileRef = 11391CE42C5E8E9C003009F8 /* FireflyTextMaskButtonStyle.swift */; };
		11391CE72C5EBDF2003009F8 /* SignUpButton.swift in Sources */ = {isa = PBXBuildFile; fileRef = 11391CE62C5EBDF1003009F8 /* SignUpButton.swift */; };
		11391CE92C5EEB8E003009F8 /* SignInButton.swift in Sources */ = {isa = PBXBuildFile; fileRef = 11391CE82C5EEB8E003009F8 /* SignInButton.swift */; };
		11391CEC2C5FF83D003009F8 /* swiftCat.png in Resources */ = {isa = PBXBuildFile; fileRef = 11391CEB2C5FF83D003009F8 /* swiftCat.png */; };
		11391CEF2C602C48003009F8 /* Testing2.swift in Sources */ = {isa = PBXBuildFile; fileRef = 11391CEE2C602C48003009F8 /* Testing2.swift */; };
		11391CF22C616D0A003009F8 /* OpenEye.swift in Sources */ = {isa = PBXBuildFile; fileRef = 11391CF12C616D0A003009F8 /* OpenEye.swift */; };
		1162C0E12C725D4600CB5B7D /* MainScreen.swift in Sources */ = {isa = PBXBuildFile; fileRef = 1162C0E02C725D4500CB5B7D /* MainScreen.swift */; };
		1162C0E42C72635400CB5B7D /* RegistrationFormModel.swift in Sources */ = {isa = PBXBuildFile; fileRef = 1162C0E32C72635400CB5B7D /* RegistrationFormModel.swift */; };
		1162C0E62C72639600CB5B7D /* RegistrationForm.swift in Sources */ = {isa = PBXBuildFile; fileRef = 1162C0E52C72639600CB5B7D /* RegistrationForm.swift */; };
		1162C0EB2C72B4C300CB5B7D /* GoogleService-Info.plist in Resources */ = {isa = PBXBuildFile; fileRef = 1162C0EA2C72B4C300CB5B7D /* GoogleService-Info.plist */; };
		1162C0EE2C72B68300CB5B7D /* FirebaseAnalytics in Frameworks */ = {isa = PBXBuildFile; productRef = 1162C0ED2C72B68300CB5B7D /* FirebaseAnalytics */; };
		1162C0F02C72B68300CB5B7D /* FirebaseAnalyticsOnDeviceConversion in Frameworks */ = {isa = PBXBuildFile; productRef = 1162C0EF2C72B68300CB5B7D /* FirebaseAnalyticsOnDeviceConversion */; };
		1162C0F22C72B68300CB5B7D /* FirebaseAppCheck in Frameworks */ = {isa = PBXBuildFile; productRef = 1162C0F12C72B68300CB5B7D /* FirebaseAppCheck */; };
		1162C0F42C72B68300CB5B7D /* FirebaseAppDistribution-Beta in Frameworks */ = {isa = PBXBuildFile; productRef = 1162C0F32C72B68300CB5B7D /* FirebaseAppDistribution-Beta */; };
		1162C0F62C72B68300CB5B7D /* FirebaseAuth in Frameworks */ = {isa = PBXBuildFile; productRef = 1162C0F52C72B68300CB5B7D /* FirebaseAuth */; };
		1162C0F82C72B68300CB5B7D /* FirebaseAuthCombine-Community in Frameworks */ = {isa = PBXBuildFile; productRef = 1162C0F72C72B68300CB5B7D /* FirebaseAuthCombine-Community */; };
		1162C0FA2C72B68300CB5B7D /* FirebaseCrashlytics in Frameworks */ = {isa = PBXBuildFile; productRef = 1162C0F92C72B68300CB5B7D /* FirebaseCrashlytics */; };
		1162C0FC2C72B68300CB5B7D /* FirebaseDatabase in Frameworks */ = {isa = PBXBuildFile; productRef = 1162C0FB2C72B68300CB5B7D /* FirebaseDatabase */; };
		1162C0FE2C72B68300CB5B7D /* FirebaseDynamicLinks in Frameworks */ = {isa = PBXBuildFile; productRef = 1162C0FD2C72B68300CB5B7D /* FirebaseDynamicLinks */; };
		1162C1002C72B68300CB5B7D /* FirebaseFirestore in Frameworks */ = {isa = PBXBuildFile; productRef = 1162C0FF2C72B68300CB5B7D /* FirebaseFirestore */; };
		1162C1022C72B68300CB5B7D /* FirebaseFirestoreCombine-Community in Frameworks */ = {isa = PBXBuildFile; productRef = 1162C1012C72B68300CB5B7D /* FirebaseFirestoreCombine-Community */; };
		1162C1042C72B68300CB5B7D /* FirebaseFunctions in Frameworks */ = {isa = PBXBuildFile; productRef = 1162C1032C72B68300CB5B7D /* FirebaseFunctions */; };
		1162C1062C72B68300CB5B7D /* FirebaseFunctionsCombine-Community in Frameworks */ = {isa = PBXBuildFile; productRef = 1162C1052C72B68300CB5B7D /* FirebaseFunctionsCombine-Community */; };
		1162C1082C72B68300CB5B7D /* FirebaseInAppMessaging-Beta in Frameworks */ = {isa = PBXBuildFile; productRef = 1162C1072C72B68300CB5B7D /* FirebaseInAppMessaging-Beta */; };
		1162C10A2C72B68300CB5B7D /* FirebaseInstallations in Frameworks */ = {isa = PBXBuildFile; productRef = 1162C1092C72B68300CB5B7D /* FirebaseInstallations */; };
		1162C10C2C72B68300CB5B7D /* FirebaseMLModelDownloader in Frameworks */ = {isa = PBXBuildFile; productRef = 1162C10B2C72B68300CB5B7D /* FirebaseMLModelDownloader */; };
		1162C10E2C72B68300CB5B7D /* FirebaseMessaging in Frameworks */ = {isa = PBXBuildFile; productRef = 1162C10D2C72B68300CB5B7D /* FirebaseMessaging */; };
		1162C1102C72B68300CB5B7D /* FirebasePerformance in Frameworks */ = {isa = PBXBuildFile; productRef = 1162C10F2C72B68300CB5B7D /* FirebasePerformance */; };
		1162C1122C72B68300CB5B7D /* FirebaseRemoteConfig in Frameworks */ = {isa = PBXBuildFile; productRef = 1162C1112C72B68300CB5B7D /* FirebaseRemoteConfig */; };
		1162C1142C72B68300CB5B7D /* FirebaseStorage in Frameworks */ = {isa = PBXBuildFile; productRef = 1162C1132C72B68300CB5B7D /* FirebaseStorage */; };
		1162C1162C72B68300CB5B7D /* FirebaseStorageCombine-Community in Frameworks */ = {isa = PBXBuildFile; productRef = 1162C1152C72B68300CB5B7D /* FirebaseStorageCombine-Community */; };
		1162C1182C72B68300CB5B7D /* FirebaseVertexAI-Preview in Frameworks */ = {isa = PBXBuildFile; productRef = 1162C1172C72B68300CB5B7D /* FirebaseVertexAI-Preview */; };
		1162C11D2C77C36C00CB5B7D /* ben.jpeg in Resources */ = {isa = PBXBuildFile; fileRef = 1162C11C2C77C36B00CB5B7D /* ben.jpeg */; };
		1162C11F2C77D4BF00CB5B7D /* underlineTextField.swift in Sources */ = {isa = PBXBuildFile; fileRef = 1162C11E2C77D4BF00CB5B7D /* underlineTextField.swift */; };
		1179D8462C41F4670081539C /* VisageVerifyApp.swift in Sources */ = {isa = PBXBuildFile; fileRef = 1179D8452C41F4670081539C /* VisageVerifyApp.swift */; };
		1179D8482C41F4670081539C /* ContentView.swift in Sources */ = {isa = PBXBuildFile; fileRef = 1179D8472C41F4670081539C /* ContentView.swift */; };
		1179D84A2C41F4680081539C /* Assets.xcassets in Resources */ = {isa = PBXBuildFile; fileRef = 1179D8492C41F4680081539C /* Assets.xcassets */; };
		1179D84D2C41F4680081539C /* Preview Assets.xcassets in Resources */ = {isa = PBXBuildFile; fileRef = 1179D84C2C41F4680081539C /* Preview Assets.xcassets */; };
		1179D8572C41FCC40081539C /* InitialScreen.swift in Sources */ = {isa = PBXBuildFile; fileRef = 1179D8562C41FCC40081539C /* InitialScreen.swift */; };
		1179D85B2C41FE490081539C /* EyeSF.swift in Sources */ = {isa = PBXBuildFile; fileRef = 1179D85A2C41FE490081539C /* EyeSF.swift */; };
		1179D85D2C42020E0081539C /* AppName.swift in Sources */ = {isa = PBXBuildFile; fileRef = 1179D85C2C42020E0081539C /* AppName.swift */; };
		1179D8602C420B210081539C /* ArsenalSC-Regular.ttf in Resources */ = {isa = PBXBuildFile; fileRef = 1179D85F2C420B210081539C /* ArsenalSC-Regular.ttf */; };
		1179D86B2C420B550081539C /* BonaNovaSC-Regular.ttf in Resources */ = {isa = PBXBuildFile; fileRef = 1179D86A2C420B550081539C /* BonaNovaSC-Regular.ttf */; };
		1179D86E2C4218060081539C /* Slogan.swift in Sources */ = {isa = PBXBuildFile; fileRef = 1179D86D2C4218060081539C /* Slogan.swift */; };
		1179D8702C4218850081539C /* PrettyText.swift in Sources */ = {isa = PBXBuildFile; fileRef = 1179D86F2C4218850081539C /* PrettyText.swift */; };
		1179D87F2C42D83A0081539C /* Fireflies.swift in Sources */ = {isa = PBXBuildFile; fileRef = 1179D87E2C42D83A0081539C /* Fireflies.swift */; };
		11B886532C629FA90058CE5C /* ClosedEye.swift in Sources */ = {isa = PBXBuildFile; fileRef = 11B886522C629FA90058CE5C /* ClosedEye.swift */; };
		11B886552C62BD920058CE5C /* TestingBlinking.swift in Sources */ = {isa = PBXBuildFile; fileRef = 11B886542C62BD920058CE5C /* TestingBlinking.swift */; };
		11B886572C62C5CD0058CE5C /* BlinkingEyeStatesDisplay.swift in Sources */ = {isa = PBXBuildFile; fileRef = 11B886562C62C5CD0058CE5C /* BlinkingEyeStatesDisplay.swift */; };
		11B8865C2C62DA350058CE5C /* BlinkingEyeAnimationState2.swift in Sources */ = {isa = PBXBuildFile; fileRef = 11B8865B2C62DA350058CE5C /* BlinkingEyeAnimationState2.swift */; };
		11B8865F2C65A2270058CE5C /* BlinkingEyeAnimationState3.swift in Sources */ = {isa = PBXBuildFile; fileRef = 11B8865E2C65A2270058CE5C /* BlinkingEyeAnimationState3.swift */; };
		11B886612C65BC120058CE5C /* BlinkingEyeAnimationState4.swift in Sources */ = {isa = PBXBuildFile; fileRef = 11B886602C65BC120058CE5C /* BlinkingEyeAnimationState4.swift */; };
		11B886632C6673B00058CE5C /* BlinkingEyeAnimationState5.swift in Sources */ = {isa = PBXBuildFile; fileRef = 11B886622C6673B00058CE5C /* BlinkingEyeAnimationState5.swift */; };
		11B886652C6678BC0058CE5C /* BlinkingEyeAnimationState6.swift in Sources */ = {isa = PBXBuildFile; fileRef = 11B886642C6678BC0058CE5C /* BlinkingEyeAnimationState6.swift */; };
		11B886672C6682A20058CE5C /* SingleBlinkingEye.swift in Sources */ = {isa = PBXBuildFile; fileRef = 11B886662C6682A20058CE5C /* SingleBlinkingEye.swift */; };
		11B886692C67FD4C0058CE5C /* MultipleBlinkingEyes.swift in Sources */ = {isa = PBXBuildFile; fileRef = 11B886682C67FD4C0058CE5C /* MultipleBlinkingEyes.swift */; };
		11B8866B2C680C3A0058CE5C /* BlinkingEyeAnimationState7.swift in Sources */ = {isa = PBXBuildFile; fileRef = 11B8866A2C680C3A0058CE5C /* BlinkingEyeAnimationState7.swift */; };
		11D1A92F2C6969F9000AF8A8 /* EyeExtras.swift in Sources */ = {isa = PBXBuildFile; fileRef = 11D1A92E2C6969F9000AF8A8 /* EyeExtras.swift */; };
		11E701402C44EB6B00631C0A /* Testing.swift in Sources */ = {isa = PBXBuildFile; fileRef = 11E7013F2C44EB6B00631C0A /* Testing.swift */; };
		11EB73482C68652000B659EE /* RestrictedArea.swift in Sources */ = {isa = PBXBuildFile; fileRef = 11EB73472C68652000B659EE /* RestrictedArea.swift */; };
		11FDF8592C7A5C0F00AD9F4C /* CameraTesting.swift in Sources */ = {isa = PBXBuildFile; fileRef = 11FDF8582C7A5C0F00AD9F4C /* CameraTesting.swift */; };
		11FDF85C2C7A7BE800AD9F4C /* Hexagon.swift in Sources */ = {isa = PBXBuildFile; fileRef = 11FDF85B2C7A7BE800AD9F4C /* Hexagon.swift */; };
		11FDF85F2C7A85E500AD9F4C /* HexagonFigure.swift in Sources */ = {isa = PBXBuildFile; fileRef = 11FDF85E2C7A85E500AD9F4C /* HexagonFigure.swift */; };
		11FDF86A2C7AB1B200AD9F4C /* ViewController.swift in Sources */ = {isa = PBXBuildFile; fileRef = 11FDF8692C7AB1B200AD9F4C /* ViewController.swift */; };
		11FDF86C2C7AB5EF00AD9F4C /* CameraView.swift in Sources */ = {isa = PBXBuildFile; fileRef = 11FDF86B2C7AB5EF00AD9F4C /* CameraView.swift */; };
		11FDF86E2C7AD39800AD9F4C /* CameraTesting2.swift in Sources */ = {isa = PBXBuildFile; fileRef = 11FDF86D2C7AD39800AD9F4C /* CameraTesting2.swift */; };
		11FDF8702C7AFCB700AD9F4C /* TakePhotoButton.swift in Sources */ = {isa = PBXBuildFile; fileRef = 11FDF86F2C7AFCB700AD9F4C /* TakePhotoButton.swift */; };
		11FDF8732C7E392C00AD9F4C /* CameraTesting3.swift in Sources */ = {isa = PBXBuildFile; fileRef = 11FDF8722C7E392C00AD9F4C /* CameraTesting3.swift */; };
		11FDF8752C7E798800AD9F4C /* CoreImageFilterView.swift in Sources */ = {isa = PBXBuildFile; fileRef = 11FDF8742C7E798800AD9F4C /* CoreImageFilterView.swift */; };
		11FDF8772C7E79C400AD9F4C /* Testing3.swift in Sources */ = {isa = PBXBuildFile; fileRef = 11FDF8762C7E79C400AD9F4C /* Testing3.swift */; };
/* End PBXBuildFile section */

/* Begin PBXFileReference section */
		1137CE6E2C4378A8008E67A0 /* DynamicTheme.swift */ = {isa = PBXFileReference; fileEncoding = 4; lastKnownFileType = sourcecode.swift; path = DynamicTheme.swift; sourceTree = "<group>"; };
		1137CE702C4378CC008E67A0 /* StaticTheme.swift */ = {isa = PBXFileReference; lastKnownFileType = sourcecode.swift; path = StaticTheme.swift; sourceTree = "<group>"; };
		1137CE722C437ED9008E67A0 /* Colors.swift */ = {isa = PBXFileReference; lastKnownFileType = sourcecode.swift; path = Colors.swift; sourceTree = "<group>"; };
		11391CE02C5E8E6C003009F8 /* ButtonTestViewStyle.swift */ = {isa = PBXFileReference; lastKnownFileType = sourcecode.swift; path = ButtonTestViewStyle.swift; sourceTree = "<group>"; };
		11391CE22C5E8E8B003009F8 /* FireflyCircleButtonStyle.swift */ = {isa = PBXFileReference; lastKnownFileType = sourcecode.swift; path = FireflyCircleButtonStyle.swift; sourceTree = "<group>"; };
		11391CE42C5E8E9C003009F8 /* FireflyTextMaskButtonStyle.swift */ = {isa = PBXFileReference; lastKnownFileType = sourcecode.swift; path = FireflyTextMaskButtonStyle.swift; sourceTree = "<group>"; };
		11391CE62C5EBDF1003009F8 /* SignUpButton.swift */ = {isa = PBXFileReference; lastKnownFileType = sourcecode.swift; path = SignUpButton.swift; sourceTree = "<group>"; };
		11391CE82C5EEB8E003009F8 /* SignInButton.swift */ = {isa = PBXFileReference; lastKnownFileType = sourcecode.swift; path = SignInButton.swift; sourceTree = "<group>"; };
		11391CEB2C5FF83D003009F8 /* swiftCat.png */ = {isa = PBXFileReference; lastKnownFileType = image.png; path = swiftCat.png; sourceTree = "<group>"; };
		11391CEE2C602C48003009F8 /* Testing2.swift */ = {isa = PBXFileReference; lastKnownFileType = sourcecode.swift; path = Testing2.swift; sourceTree = "<group>"; };
		11391CF12C616D0A003009F8 /* OpenEye.swift */ = {isa = PBXFileReference; lastKnownFileType = sourcecode.swift; path = OpenEye.swift; sourceTree = "<group>"; };
		1162C0E02C725D4500CB5B7D /* MainScreen.swift */ = {isa = PBXFileReference; lastKnownFileType = sourcecode.swift; path = MainScreen.swift; sourceTree = "<group>"; };
		1162C0E32C72635400CB5B7D /* RegistrationFormModel.swift */ = {isa = PBXFileReference; lastKnownFileType = sourcecode.swift; path = RegistrationFormModel.swift; sourceTree = "<group>"; };
		1162C0E52C72639600CB5B7D /* RegistrationForm.swift */ = {isa = PBXFileReference; lastKnownFileType = sourcecode.swift; path = RegistrationForm.swift; sourceTree = "<group>"; };
		1162C0EA2C72B4C300CB5B7D /* GoogleService-Info.plist */ = {isa = PBXFileReference; fileEncoding = 4; lastKnownFileType = text.plist.xml; path = "GoogleService-Info.plist"; sourceTree = "<group>"; };
		1162C11C2C77C36B00CB5B7D /* ben.jpeg */ = {isa = PBXFileReference; lastKnownFileType = image.jpeg; path = ben.jpeg; sourceTree = "<group>"; };
		1162C11E2C77D4BF00CB5B7D /* underlineTextField.swift */ = {isa = PBXFileReference; lastKnownFileType = sourcecode.swift; path = underlineTextField.swift; sourceTree = "<group>"; };
		1179D8422C41F4670081539C /* VisageVerify.app */ = {isa = PBXFileReference; explicitFileType = wrapper.application; includeInIndex = 0; path = VisageVerify.app; sourceTree = BUILT_PRODUCTS_DIR; };
		1179D8452C41F4670081539C /* VisageVerifyApp.swift */ = {isa = PBXFileReference; lastKnownFileType = sourcecode.swift; path = VisageVerifyApp.swift; sourceTree = "<group>"; };
		1179D8472C41F4670081539C /* ContentView.swift */ = {isa = PBXFileReference; lastKnownFileType = sourcecode.swift; path = ContentView.swift; sourceTree = "<group>"; };
		1179D8492C41F4680081539C /* Assets.xcassets */ = {isa = PBXFileReference; lastKnownFileType = folder.assetcatalog; path = Assets.xcassets; sourceTree = "<group>"; };
		1179D84C2C41F4680081539C /* Preview Assets.xcassets */ = {isa = PBXFileReference; lastKnownFileType = folder.assetcatalog; path = "Preview Assets.xcassets"; sourceTree = "<group>"; };
		1179D8562C41FCC40081539C /* InitialScreen.swift */ = {isa = PBXFileReference; lastKnownFileType = sourcecode.swift; path = InitialScreen.swift; sourceTree = "<group>"; };
		1179D85A2C41FE490081539C /* EyeSF.swift */ = {isa = PBXFileReference; lastKnownFileType = sourcecode.swift; path = EyeSF.swift; sourceTree = "<group>"; };
		1179D85C2C42020E0081539C /* AppName.swift */ = {isa = PBXFileReference; lastKnownFileType = sourcecode.swift; path = AppName.swift; sourceTree = "<group>"; };
		1179D85F2C420B210081539C /* ArsenalSC-Regular.ttf */ = {isa = PBXFileReference; lastKnownFileType = file; path = "ArsenalSC-Regular.ttf"; sourceTree = "<group>"; };
		1179D86A2C420B550081539C /* BonaNovaSC-Regular.ttf */ = {isa = PBXFileReference; lastKnownFileType = file; path = "BonaNovaSC-Regular.ttf"; sourceTree = "<group>"; };
		1179D86C2C420BE40081539C /* Info.plist */ = {isa = PBXFileReference; lastKnownFileType = text.plist; path = Info.plist; sourceTree = "<group>"; };
		1179D86D2C4218060081539C /* Slogan.swift */ = {isa = PBXFileReference; lastKnownFileType = sourcecode.swift; path = Slogan.swift; sourceTree = "<group>"; };
		1179D86F2C4218850081539C /* PrettyText.swift */ = {isa = PBXFileReference; lastKnownFileType = sourcecode.swift; path = PrettyText.swift; sourceTree = "<group>"; };
		1179D87E2C42D83A0081539C /* Fireflies.swift */ = {isa = PBXFileReference; lastKnownFileType = sourcecode.swift; path = Fireflies.swift; sourceTree = "<group>"; };
		11B886522C629FA90058CE5C /* ClosedEye.swift */ = {isa = PBXFileReference; lastKnownFileType = sourcecode.swift; path = ClosedEye.swift; sourceTree = "<group>"; };
		11B886542C62BD920058CE5C /* TestingBlinking.swift */ = {isa = PBXFileReference; lastKnownFileType = sourcecode.swift; path = TestingBlinking.swift; sourceTree = "<group>"; };
		11B886562C62C5CD0058CE5C /* BlinkingEyeStatesDisplay.swift */ = {isa = PBXFileReference; lastKnownFileType = sourcecode.swift; path = BlinkingEyeStatesDisplay.swift; sourceTree = "<group>"; };
		11B8865B2C62DA350058CE5C /* BlinkingEyeAnimationState2.swift */ = {isa = PBXFileReference; lastKnownFileType = sourcecode.swift; path = BlinkingEyeAnimationState2.swift; sourceTree = "<group>"; };
		11B8865E2C65A2270058CE5C /* BlinkingEyeAnimationState3.swift */ = {isa = PBXFileReference; lastKnownFileType = sourcecode.swift; path = BlinkingEyeAnimationState3.swift; sourceTree = "<group>"; };
		11B886602C65BC120058CE5C /* BlinkingEyeAnimationState4.swift */ = {isa = PBXFileReference; lastKnownFileType = sourcecode.swift; path = BlinkingEyeAnimationState4.swift; sourceTree = "<group>"; };
		11B886622C6673B00058CE5C /* BlinkingEyeAnimationState5.swift */ = {isa = PBXFileReference; lastKnownFileType = sourcecode.swift; path = BlinkingEyeAnimationState5.swift; sourceTree = "<group>"; };
		11B886642C6678BC0058CE5C /* BlinkingEyeAnimationState6.swift */ = {isa = PBXFileReference; lastKnownFileType = sourcecode.swift; path = BlinkingEyeAnimationState6.swift; sourceTree = "<group>"; };
		11B886662C6682A20058CE5C /* SingleBlinkingEye.swift */ = {isa = PBXFileReference; lastKnownFileType = sourcecode.swift; path = SingleBlinkingEye.swift; sourceTree = "<group>"; };
		11B886682C67FD4C0058CE5C /* MultipleBlinkingEyes.swift */ = {isa = PBXFileReference; lastKnownFileType = sourcecode.swift; path = MultipleBlinkingEyes.swift; sourceTree = "<group>"; };
		11B8866A2C680C3A0058CE5C /* BlinkingEyeAnimationState7.swift */ = {isa = PBXFileReference; lastKnownFileType = sourcecode.swift; path = BlinkingEyeAnimationState7.swift; sourceTree = "<group>"; };
		11D1A92E2C6969F9000AF8A8 /* EyeExtras.swift */ = {isa = PBXFileReference; lastKnownFileType = sourcecode.swift; path = EyeExtras.swift; sourceTree = "<group>"; };
		11E7013F2C44EB6B00631C0A /* Testing.swift */ = {isa = PBXFileReference; lastKnownFileType = sourcecode.swift; path = Testing.swift; sourceTree = "<group>"; };
		11EB73472C68652000B659EE /* RestrictedArea.swift */ = {isa = PBXFileReference; lastKnownFileType = sourcecode.swift; path = RestrictedArea.swift; sourceTree = "<group>"; };
		11FDF8582C7A5C0F00AD9F4C /* CameraTesting.swift */ = {isa = PBXFileReference; lastKnownFileType = sourcecode.swift; path = CameraTesting.swift; sourceTree = "<group>"; };
		11FDF85B2C7A7BE800AD9F4C /* Hexagon.swift */ = {isa = PBXFileReference; lastKnownFileType = sourcecode.swift; path = Hexagon.swift; sourceTree = "<group>"; };
		11FDF85E2C7A85E500AD9F4C /* HexagonFigure.swift */ = {isa = PBXFileReference; lastKnownFileType = sourcecode.swift; path = HexagonFigure.swift; sourceTree = "<group>"; };
		11FDF8692C7AB1B200AD9F4C /* ViewController.swift */ = {isa = PBXFileReference; lastKnownFileType = sourcecode.swift; path = ViewController.swift; sourceTree = "<group>"; };
		11FDF86B2C7AB5EF00AD9F4C /* CameraView.swift */ = {isa = PBXFileReference; lastKnownFileType = sourcecode.swift; path = CameraView.swift; sourceTree = "<group>"; };
		11FDF86D2C7AD39800AD9F4C /* CameraTesting2.swift */ = {isa = PBXFileReference; lastKnownFileType = sourcecode.swift; path = CameraTesting2.swift; sourceTree = "<group>"; };
		11FDF86F2C7AFCB700AD9F4C /* TakePhotoButton.swift */ = {isa = PBXFileReference; lastKnownFileType = sourcecode.swift; path = TakePhotoButton.swift; sourceTree = "<group>"; };
		11FDF8722C7E392C00AD9F4C /* CameraTesting3.swift */ = {isa = PBXFileReference; lastKnownFileType = sourcecode.swift; path = CameraTesting3.swift; sourceTree = "<group>"; };
		11FDF8742C7E798800AD9F4C /* CoreImageFilterView.swift */ = {isa = PBXFileReference; lastKnownFileType = sourcecode.swift; path = CoreImageFilterView.swift; sourceTree = "<group>"; };
		11FDF8762C7E79C400AD9F4C /* Testing3.swift */ = {isa = PBXFileReference; lastKnownFileType = sourcecode.swift; path = Testing3.swift; sourceTree = "<group>"; };
/* End PBXFileReference section */

/* Begin PBXFrameworksBuildPhase section */
		1179D83F2C41F4670081539C /* Frameworks */ = {
			isa = PBXFrameworksBuildPhase;
			buildActionMask = 2147483647;
			files = (
				1162C0EE2C72B68300CB5B7D /* FirebaseAnalytics in Frameworks */,
				1162C1162C72B68300CB5B7D /* FirebaseStorageCombine-Community in Frameworks */,
				1162C1082C72B68300CB5B7D /* FirebaseInAppMessaging-Beta in Frameworks */,
				1162C1102C72B68300CB5B7D /* FirebasePerformance in Frameworks */,
				1162C0F82C72B68300CB5B7D /* FirebaseAuthCombine-Community in Frameworks */,
				1162C10C2C72B68300CB5B7D /* FirebaseMLModelDownloader in Frameworks */,
				1162C0F62C72B68300CB5B7D /* FirebaseAuth in Frameworks */,
				1162C1042C72B68300CB5B7D /* FirebaseFunctions in Frameworks */,
				1162C1002C72B68300CB5B7D /* FirebaseFirestore in Frameworks */,
				1162C0FA2C72B68300CB5B7D /* FirebaseCrashlytics in Frameworks */,
				1162C1022C72B68300CB5B7D /* FirebaseFirestoreCombine-Community in Frameworks */,
				1162C1122C72B68300CB5B7D /* FirebaseRemoteConfig in Frameworks */,
				1162C10E2C72B68300CB5B7D /* FirebaseMessaging in Frameworks */,
				1162C0F22C72B68300CB5B7D /* FirebaseAppCheck in Frameworks */,
				1162C1142C72B68300CB5B7D /* FirebaseStorage in Frameworks */,
				1162C10A2C72B68300CB5B7D /* FirebaseInstallations in Frameworks */,
				1162C1062C72B68300CB5B7D /* FirebaseFunctionsCombine-Community in Frameworks */,
				1162C0FE2C72B68300CB5B7D /* FirebaseDynamicLinks in Frameworks */,
				1162C0F02C72B68300CB5B7D /* FirebaseAnalyticsOnDeviceConversion in Frameworks */,
				1162C0FC2C72B68300CB5B7D /* FirebaseDatabase in Frameworks */,
				1162C1182C72B68300CB5B7D /* FirebaseVertexAI-Preview in Frameworks */,
				1162C0F42C72B68300CB5B7D /* FirebaseAppDistribution-Beta in Frameworks */,
			);
			runOnlyForDeploymentPostprocessing = 0;
		};
/* End PBXFrameworksBuildPhase section */

/* Begin PBXGroup section */
		1137CE742C438871008E67A0 /* Buttons */ = {
			isa = PBXGroup;
			children = (
				11391CDF2C5E8E4B003009F8 /* ButtonStyles */,
				11391CE02C5E8E6C003009F8 /* ButtonTestViewStyle.swift */,
				11391CE62C5EBDF1003009F8 /* SignUpButton.swift */,
				11391CE82C5EEB8E003009F8 /* SignInButton.swift */,
				11FDF86F2C7AFCB700AD9F4C /* TakePhotoButton.swift */,
			);
			path = Buttons;
			sourceTree = "<group>";
		};
		11391CDF2C5E8E4B003009F8 /* ButtonStyles */ = {
			isa = PBXGroup;
			children = (
				11391CE22C5E8E8B003009F8 /* FireflyCircleButtonStyle.swift */,
				11391CE42C5E8E9C003009F8 /* FireflyTextMaskButtonStyle.swift */,
			);
			path = ButtonStyles;
			sourceTree = "<group>";
		};
		11391CEA2C5FF816003009F8 /* Images */ = {
			isa = PBXGroup;
			children = (
				1162C11C2C77C36B00CB5B7D /* ben.jpeg */,
				11391CEB2C5FF83D003009F8 /* swiftCat.png */,
			);
			path = Images;
			sourceTree = "<group>";
		};
		11391CF02C616C9E003009F8 /* GeneralEyeViews */ = {
			isa = PBXGroup;
			children = (
				1179D85A2C41FE490081539C /* EyeSF.swift */,
				11391CF12C616D0A003009F8 /* OpenEye.swift */,
				11B886522C629FA90058CE5C /* ClosedEye.swift */,
			);
			path = GeneralEyeViews;
			sourceTree = "<group>";
		};
		1162C0E72C72B01100CB5B7D /* Forms */ = {
			isa = PBXGroup;
			children = (
				1162C0E52C72639600CB5B7D /* RegistrationForm.swift */,
				1162C0E92C72B02000CB5B7D /* FormHelper */,
				1162C0E82C72B01600CB5B7D /* FormModels */,
			);
			path = Forms;
			sourceTree = "<group>";
		};
		1162C0E82C72B01600CB5B7D /* FormModels */ = {
			isa = PBXGroup;
			children = (
				1162C0E32C72635400CB5B7D /* RegistrationFormModel.swift */,
			);
			path = FormModels;
			sourceTree = "<group>";
		};
		1162C0E92C72B02000CB5B7D /* FormHelper */ = {
			isa = PBXGroup;
			children = (
				1162C11E2C77D4BF00CB5B7D /* underlineTextField.swift */,
			);
			path = FormHelper;
			sourceTree = "<group>";
		};
		1179D8392C41F4670081539C = {
			isa = PBXGroup;
			children = (
				1179D8442C41F4670081539C /* VisageVerify */,
				1179D8432C41F4670081539C /* Products */,
			);
			sourceTree = "<group>";
		};
		1179D8432C41F4670081539C /* Products */ = {
			isa = PBXGroup;
			children = (
				1179D8422C41F4670081539C /* VisageVerify.app */,
			);
			name = Products;
			sourceTree = "<group>";
		};
		1179D8442C41F4670081539C /* VisageVerify */ = {
			isa = PBXGroup;
			children = (
				1162C0EA2C72B4C300CB5B7D /* GoogleService-Info.plist */,
				11391CEA2C5FF816003009F8 /* Images */,
				1179D86C2C420BE40081539C /* Info.plist */,
				1179D85E2C420AE30081539C /* Fonts */,
				1179D8582C41FE270081539C /* Views */,
				1179D8532C41FB370081539C /* Screens */,
				1179D8452C41F4670081539C /* VisageVerifyApp.swift */,
				1179D8472C41F4670081539C /* ContentView.swift */,
				1179D8492C41F4680081539C /* Assets.xcassets */,
				1179D84B2C41F4680081539C /* Preview Content */,
			);
			path = VisageVerify;
			sourceTree = "<group>";
		};
		1179D84B2C41F4680081539C /* Preview Content */ = {
			isa = PBXGroup;
			children = (
				1179D84C2C41F4680081539C /* Preview Assets.xcassets */,
			);
			path = "Preview Content";
			sourceTree = "<group>";
		};
		1179D8532C41FB370081539C /* Screens */ = {
			isa = PBXGroup;
			children = (
				1179D8562C41FCC40081539C /* InitialScreen.swift */,
				1162C0E02C725D4500CB5B7D /* MainScreen.swift */,
			);
			path = Screens;
			sourceTree = "<group>";
		};
		1179D8582C41FE270081539C /* Views */ = {
			isa = PBXGroup;
			children = (
				11FDF8572C7A5BD800AD9F4C /* Camera */,
				1162C0E72C72B01100CB5B7D /* Forms */,
				11D1A92C2C6968DD000AF8A8 /* Eyes */,
				1137CE742C438871008E67A0 /* Buttons */,
				1179D8712C4222F70081539C /* Background */,
				1179D8592C41FE340081539C /* Helper */,
				11B8865D2C62EDD80058CE5C /* Testing */,
			);
			path = Views;
			sourceTree = "<group>";
		};
		1179D8592C41FE340081539C /* Helper */ = {
			isa = PBXGroup;
			children = (
				1179D85C2C42020E0081539C /* AppName.swift */,
				1179D86D2C4218060081539C /* Slogan.swift */,
				1179D86F2C4218850081539C /* PrettyText.swift */,
				1137CE722C437ED9008E67A0 /* Colors.swift */,
			);
			path = Helper;
			sourceTree = "<group>";
		};
		1179D85E2C420AE30081539C /* Fonts */ = {
			isa = PBXGroup;
			children = (
				1179D86A2C420B550081539C /* BonaNovaSC-Regular.ttf */,
				1179D85F2C420B210081539C /* ArsenalSC-Regular.ttf */,
			);
			path = Fonts;
			sourceTree = "<group>";
		};
		1179D8712C4222F70081539C /* Background */ = {
			isa = PBXGroup;
			children = (
				1179D87E2C42D83A0081539C /* Fireflies.swift */,
				1137CE6E2C4378A8008E67A0 /* DynamicTheme.swift */,
				1137CE702C4378CC008E67A0 /* StaticTheme.swift */,
			);
			path = Background;
			sourceTree = "<group>";
		};
		11B8865A2C62D82D0058CE5C /* BlinkingEyeStates */ = {
			isa = PBXGroup;
			children = (
				11B8865B2C62DA350058CE5C /* BlinkingEyeAnimationState2.swift */,
				11B8865E2C65A2270058CE5C /* BlinkingEyeAnimationState3.swift */,
				11B886602C65BC120058CE5C /* BlinkingEyeAnimationState4.swift */,
				11B886622C6673B00058CE5C /* BlinkingEyeAnimationState5.swift */,
				11B886642C6678BC0058CE5C /* BlinkingEyeAnimationState6.swift */,
				11B8866A2C680C3A0058CE5C /* BlinkingEyeAnimationState7.swift */,
				11B886562C62C5CD0058CE5C /* BlinkingEyeStatesDisplay.swift */,
			);
			path = BlinkingEyeStates;
			sourceTree = "<group>";
		};
		11B8865D2C62EDD80058CE5C /* Testing */ = {
			isa = PBXGroup;
			children = (
				11E7013F2C44EB6B00631C0A /* Testing.swift */,
				11391CEE2C602C48003009F8 /* Testing2.swift */,
				11FDF8762C7E79C400AD9F4C /* Testing3.swift */,
				11B886542C62BD920058CE5C /* TestingBlinking.swift */,
				11EB73472C68652000B659EE /* RestrictedArea.swift */,
			);
			path = Testing;
			sourceTree = "<group>";
		};
		11D1A92C2C6968DD000AF8A8 /* Eyes */ = {
			isa = PBXGroup;
			children = (
				11D1A92D2C6968EF000AF8A8 /* BlinkingAnimation */,
				11391CF02C616C9E003009F8 /* GeneralEyeViews */,
				11B8865A2C62D82D0058CE5C /* BlinkingEyeStates */,
				11D1A92E2C6969F9000AF8A8 /* EyeExtras.swift */,
			);
			path = Eyes;
			sourceTree = "<group>";
		};
		11D1A92D2C6968EF000AF8A8 /* BlinkingAnimation */ = {
			isa = PBXGroup;
			children = (
				11B886662C6682A20058CE5C /* SingleBlinkingEye.swift */,
				11B886682C67FD4C0058CE5C /* MultipleBlinkingEyes.swift */,
			);
			path = BlinkingAnimation;
			sourceTree = "<group>";
		};
		11FDF8572C7A5BD800AD9F4C /* Camera */ = {
			isa = PBXGroup;
			children = (
				11FDF8602C7AA85600AD9F4C /* BuildingCamera */,
				11FDF85A2C7A7BCB00AD9F4C /* CameraDesignHelper */,
				11FDF8582C7A5C0F00AD9F4C /* CameraTesting.swift */,
				11FDF86D2C7AD39800AD9F4C /* CameraTesting2.swift */,
				11FDF8722C7E392C00AD9F4C /* CameraTesting3.swift */,
				11FDF8742C7E798800AD9F4C /* CoreImageFilterView.swift */,
			);
			path = Camera;
			sourceTree = "<group>";
		};
		11FDF85A2C7A7BCB00AD9F4C /* CameraDesignHelper */ = {
			isa = PBXGroup;
			children = (
				11FDF85B2C7A7BE800AD9F4C /* Hexagon.swift */,
				11FDF85E2C7A85E500AD9F4C /* HexagonFigure.swift */,
			);
			path = CameraDesignHelper;
			sourceTree = "<group>";
		};
		11FDF8602C7AA85600AD9F4C /* BuildingCamera */ = {
			isa = PBXGroup;
			children = (
				11FDF8692C7AB1B200AD9F4C /* ViewController.swift */,
				11FDF86B2C7AB5EF00AD9F4C /* CameraView.swift */,
			);
			path = BuildingCamera;
			sourceTree = "<group>";
		};
/* End PBXGroup section */

/* Begin PBXNativeTarget section */
		1179D8412C41F4670081539C /* VisageVerify */ = {
			isa = PBXNativeTarget;
			buildConfigurationList = 1179D8502C41F4680081539C /* Build configuration list for PBXNativeTarget "VisageVerify" */;
			buildPhases = (
				1179D83E2C41F4670081539C /* Sources */,
				1179D83F2C41F4670081539C /* Frameworks */,
				1179D8402C41F4670081539C /* Resources */,
			);
			buildRules = (
			);
			dependencies = (
			);
			name = VisageVerify;
			packageProductDependencies = (
				1162C0ED2C72B68300CB5B7D /* FirebaseAnalytics */,
				1162C0EF2C72B68300CB5B7D /* FirebaseAnalyticsOnDeviceConversion */,
				1162C0F12C72B68300CB5B7D /* FirebaseAppCheck */,
				1162C0F32C72B68300CB5B7D /* FirebaseAppDistribution-Beta */,
				1162C0F52C72B68300CB5B7D /* FirebaseAuth */,
				1162C0F72C72B68300CB5B7D /* FirebaseAuthCombine-Community */,
				1162C0F92C72B68300CB5B7D /* FirebaseCrashlytics */,
				1162C0FB2C72B68300CB5B7D /* FirebaseDatabase */,
				1162C0FD2C72B68300CB5B7D /* FirebaseDynamicLinks */,
				1162C0FF2C72B68300CB5B7D /* FirebaseFirestore */,
				1162C1012C72B68300CB5B7D /* FirebaseFirestoreCombine-Community */,
				1162C1032C72B68300CB5B7D /* FirebaseFunctions */,
				1162C1052C72B68300CB5B7D /* FirebaseFunctionsCombine-Community */,
				1162C1072C72B68300CB5B7D /* FirebaseInAppMessaging-Beta */,
				1162C1092C72B68300CB5B7D /* FirebaseInstallations */,
				1162C10B2C72B68300CB5B7D /* FirebaseMLModelDownloader */,
				1162C10D2C72B68300CB5B7D /* FirebaseMessaging */,
				1162C10F2C72B68300CB5B7D /* FirebasePerformance */,
				1162C1112C72B68300CB5B7D /* FirebaseRemoteConfig */,
				1162C1132C72B68300CB5B7D /* FirebaseStorage */,
				1162C1152C72B68300CB5B7D /* FirebaseStorageCombine-Community */,
				1162C1172C72B68300CB5B7D /* FirebaseVertexAI-Preview */,
			);
			productName = VisageVerify;
			productReference = 1179D8422C41F4670081539C /* VisageVerify.app */;
			productType = "com.apple.product-type.application";
		};
/* End PBXNativeTarget section */

/* Begin PBXProject section */
		1179D83A2C41F4670081539C /* Project object */ = {
			isa = PBXProject;
			attributes = {
				BuildIndependentTargetsInParallel = 1;
				LastSwiftUpdateCheck = 1530;
				LastUpgradeCheck = 1530;
				TargetAttributes = {
					1179D8412C41F4670081539C = {
						CreatedOnToolsVersion = 15.3;
					};
				};
			};
			buildConfigurationList = 1179D83D2C41F4670081539C /* Build configuration list for PBXProject "VisageVerify" */;
			compatibilityVersion = "Xcode 14.0";
			developmentRegion = en;
			hasScannedForEncodings = 0;
			knownRegions = (
				en,
				Base,
			);
			mainGroup = 1179D8392C41F4670081539C;
			packageReferences = (
				1162C0EC2C72B68300CB5B7D /* XCRemoteSwiftPackageReference "firebase-ios-sdk" */,
			);
			productRefGroup = 1179D8432C41F4670081539C /* Products */;
			projectDirPath = "";
			projectRoot = "";
			targets = (
				1179D8412C41F4670081539C /* VisageVerify */,
			);
		};
/* End PBXProject section */

/* Begin PBXResourcesBuildPhase section */
		1179D8402C41F4670081539C /* Resources */ = {
			isa = PBXResourcesBuildPhase;
			buildActionMask = 2147483647;
			files = (
				1179D84D2C41F4680081539C /* Preview Assets.xcassets in Resources */,
				1179D8602C420B210081539C /* ArsenalSC-Regular.ttf in Resources */,
				1162C11D2C77C36C00CB5B7D /* ben.jpeg in Resources */,
				1179D84A2C41F4680081539C /* Assets.xcassets in Resources */,
				11391CEC2C5FF83D003009F8 /* swiftCat.png in Resources */,
				1179D86B2C420B550081539C /* BonaNovaSC-Regular.ttf in Resources */,
				1162C0EB2C72B4C300CB5B7D /* GoogleService-Info.plist in Resources */,
			);
			runOnlyForDeploymentPostprocessing = 0;
		};
/* End PBXResourcesBuildPhase section */

/* Begin PBXSourcesBuildPhase section */
		1179D83E2C41F4670081539C /* Sources */ = {
			isa = PBXSourcesBuildPhase;
			buildActionMask = 2147483647;
			files = (
				11391CE32C5E8E8B003009F8 /* FireflyCircleButtonStyle.swift in Sources */,
				11FDF8702C7AFCB700AD9F4C /* TakePhotoButton.swift in Sources */,
				11FDF85C2C7A7BE800AD9F4C /* Hexagon.swift in Sources */,
				11B886552C62BD920058CE5C /* TestingBlinking.swift in Sources */,
				1162C0E42C72635400CB5B7D /* RegistrationFormModel.swift in Sources */,
				11FDF8732C7E392C00AD9F4C /* CameraTesting3.swift in Sources */,
				11FDF85F2C7A85E500AD9F4C /* HexagonFigure.swift in Sources */,
				1179D8572C41FCC40081539C /* InitialScreen.swift in Sources */,
				1137CE732C437ED9008E67A0 /* Colors.swift in Sources */,
				1179D8482C41F4670081539C /* ContentView.swift in Sources */,
				11FDF8592C7A5C0F00AD9F4C /* CameraTesting.swift in Sources */,
				11FDF86C2C7AB5EF00AD9F4C /* CameraView.swift in Sources */,
				11391CEF2C602C48003009F8 /* Testing2.swift in Sources */,
				1162C11F2C77D4BF00CB5B7D /* underlineTextField.swift in Sources */,
				1162C0E62C72639600CB5B7D /* RegistrationForm.swift in Sources */,
				11B886632C6673B00058CE5C /* BlinkingEyeAnimationState5.swift in Sources */,
				11B8866B2C680C3A0058CE5C /* BlinkingEyeAnimationState7.swift in Sources */,
				1179D85D2C42020E0081539C /* AppName.swift in Sources */,
				11FDF86E2C7AD39800AD9F4C /* CameraTesting2.swift in Sources */,
				1137CE712C4378CC008E67A0 /* StaticTheme.swift in Sources */,
				11391CF22C616D0A003009F8 /* OpenEye.swift in Sources */,
				11B8865C2C62DA350058CE5C /* BlinkingEyeAnimationState2.swift in Sources */,
				1179D85B2C41FE490081539C /* EyeSF.swift in Sources */,
				1179D8702C4218850081539C /* PrettyText.swift in Sources */,
				11B886672C6682A20058CE5C /* SingleBlinkingEye.swift in Sources */,
				11391CE52C5E8E9C003009F8 /* FireflyTextMaskButtonStyle.swift in Sources */,
				11D1A92F2C6969F9000AF8A8 /* EyeExtras.swift in Sources */,
				11B886652C6678BC0058CE5C /* BlinkingEyeAnimationState6.swift in Sources */,
				1137CE6F2C4378A8008E67A0 /* DynamicTheme.swift in Sources */,
				11391CE72C5EBDF2003009F8 /* SignUpButton.swift in Sources */,
				1162C0E12C725D4600CB5B7D /* MainScreen.swift in Sources */,
				11EB73482C68652000B659EE /* RestrictedArea.swift in Sources */,
				1179D8462C41F4670081539C /* VisageVerifyApp.swift in Sources */,
				11B886532C629FA90058CE5C /* ClosedEye.swift in Sources */,
				11FDF8772C7E79C400AD9F4C /* Testing3.swift in Sources */,
				11FDF86A2C7AB1B200AD9F4C /* ViewController.swift in Sources */,
				11391CE12C5E8E6C003009F8 /* ButtonTestViewStyle.swift in Sources */,
				11B886612C65BC120058CE5C /* BlinkingEyeAnimationState4.swift in Sources */,
				11E701402C44EB6B00631C0A /* Testing.swift in Sources */,
				11B886572C62C5CD0058CE5C /* BlinkingEyeStatesDisplay.swift in Sources */,
				11B886692C67FD4C0058CE5C /* MultipleBlinkingEyes.swift in Sources */,
				1179D86E2C4218060081539C /* Slogan.swift in Sources */,
				11B8865F2C65A2270058CE5C /* BlinkingEyeAnimationState3.swift in Sources */,
				11FDF8752C7E798800AD9F4C /* CoreImageFilterView.swift in Sources */,
				11391CE92C5EEB8E003009F8 /* SignInButton.swift in Sources */,
				1179D87F2C42D83A0081539C /* Fireflies.swift in Sources */,
			);
			runOnlyForDeploymentPostprocessing = 0;
		};
/* End PBXSourcesBuildPhase section */

/* Begin XCBuildConfiguration section */
		1179D84E2C41F4680081539C /* Debug */ = {
			isa = XCBuildConfiguration;
			buildSettings = {
				ALWAYS_SEARCH_USER_PATHS = NO;
				ASSETCATALOG_COMPILER_GENERATE_SWIFT_ASSET_SYMBOL_EXTENSIONS = YES;
				CLANG_ANALYZER_NONNULL = YES;
				CLANG_ANALYZER_NUMBER_OBJECT_CONVERSION = YES_AGGRESSIVE;
				CLANG_CXX_LANGUAGE_STANDARD = "gnu++20";
				CLANG_ENABLE_MODULES = YES;
				CLANG_ENABLE_OBJC_ARC = YES;
				CLANG_ENABLE_OBJC_WEAK = YES;
				CLANG_WARN_BLOCK_CAPTURE_AUTORELEASING = YES;
				CLANG_WARN_BOOL_CONVERSION = YES;
				CLANG_WARN_COMMA = YES;
				CLANG_WARN_CONSTANT_CONVERSION = YES;
				CLANG_WARN_DEPRECATED_OBJC_IMPLEMENTATIONS = YES;
				CLANG_WARN_DIRECT_OBJC_ISA_USAGE = YES_ERROR;
				CLANG_WARN_DOCUMENTATION_COMMENTS = YES;
				CLANG_WARN_EMPTY_BODY = YES;
				CLANG_WARN_ENUM_CONVERSION = YES;
				CLANG_WARN_INFINITE_RECURSION = YES;
				CLANG_WARN_INT_CONVERSION = YES;
				CLANG_WARN_NON_LITERAL_NULL_CONVERSION = YES;
				CLANG_WARN_OBJC_IMPLICIT_RETAIN_SELF = YES;
				CLANG_WARN_OBJC_LITERAL_CONVERSION = YES;
				CLANG_WARN_OBJC_ROOT_CLASS = YES_ERROR;
				CLANG_WARN_QUOTED_INCLUDE_IN_FRAMEWORK_HEADER = YES;
				CLANG_WARN_RANGE_LOOP_ANALYSIS = YES;
				CLANG_WARN_STRICT_PROTOTYPES = YES;
				CLANG_WARN_SUSPICIOUS_MOVE = YES;
				CLANG_WARN_UNGUARDED_AVAILABILITY = YES_AGGRESSIVE;
				CLANG_WARN_UNREACHABLE_CODE = YES;
				CLANG_WARN__DUPLICATE_METHOD_MATCH = YES;
				COPY_PHASE_STRIP = NO;
				DEBUG_INFORMATION_FORMAT = dwarf;
				ENABLE_STRICT_OBJC_MSGSEND = YES;
				ENABLE_TESTABILITY = YES;
				ENABLE_USER_SCRIPT_SANDBOXING = YES;
				GCC_C_LANGUAGE_STANDARD = gnu17;
				GCC_DYNAMIC_NO_PIC = NO;
				GCC_NO_COMMON_BLOCKS = YES;
				GCC_OPTIMIZATION_LEVEL = 0;
				GCC_PREPROCESSOR_DEFINITIONS = (
					"DEBUG=1",
					"$(inherited)",
				);
				GCC_WARN_64_TO_32_BIT_CONVERSION = YES;
				GCC_WARN_ABOUT_RETURN_TYPE = YES_ERROR;
				GCC_WARN_UNDECLARED_SELECTOR = YES;
				GCC_WARN_UNINITIALIZED_AUTOS = YES_AGGRESSIVE;
				GCC_WARN_UNUSED_FUNCTION = YES;
				GCC_WARN_UNUSED_VARIABLE = YES;
				IPHONEOS_DEPLOYMENT_TARGET = 17.4;
				LOCALIZATION_PREFERS_STRING_CATALOGS = YES;
				MTL_ENABLE_DEBUG_INFO = INCLUDE_SOURCE;
				MTL_FAST_MATH = YES;
				ONLY_ACTIVE_ARCH = YES;
				SDKROOT = iphoneos;
				SWIFT_ACTIVE_COMPILATION_CONDITIONS = "DEBUG $(inherited)";
				SWIFT_OPTIMIZATION_LEVEL = "-Onone";
			};
			name = Debug;
		};
		1179D84F2C41F4680081539C /* Release */ = {
			isa = XCBuildConfiguration;
			buildSettings = {
				ALWAYS_SEARCH_USER_PATHS = NO;
				ASSETCATALOG_COMPILER_GENERATE_SWIFT_ASSET_SYMBOL_EXTENSIONS = YES;
				CLANG_ANALYZER_NONNULL = YES;
				CLANG_ANALYZER_NUMBER_OBJECT_CONVERSION = YES_AGGRESSIVE;
				CLANG_CXX_LANGUAGE_STANDARD = "gnu++20";
				CLANG_ENABLE_MODULES = YES;
				CLANG_ENABLE_OBJC_ARC = YES;
				CLANG_ENABLE_OBJC_WEAK = YES;
				CLANG_WARN_BLOCK_CAPTURE_AUTORELEASING = YES;
				CLANG_WARN_BOOL_CONVERSION = YES;
				CLANG_WARN_COMMA = YES;
				CLANG_WARN_CONSTANT_CONVERSION = YES;
				CLANG_WARN_DEPRECATED_OBJC_IMPLEMENTATIONS = YES;
				CLANG_WARN_DIRECT_OBJC_ISA_USAGE = YES_ERROR;
				CLANG_WARN_DOCUMENTATION_COMMENTS = YES;
				CLANG_WARN_EMPTY_BODY = YES;
				CLANG_WARN_ENUM_CONVERSION = YES;
				CLANG_WARN_INFINITE_RECURSION = YES;
				CLANG_WARN_INT_CONVERSION = YES;
				CLANG_WARN_NON_LITERAL_NULL_CONVERSION = YES;
				CLANG_WARN_OBJC_IMPLICIT_RETAIN_SELF = YES;
				CLANG_WARN_OBJC_LITERAL_CONVERSION = YES;
				CLANG_WARN_OBJC_ROOT_CLASS = YES_ERROR;
				CLANG_WARN_QUOTED_INCLUDE_IN_FRAMEWORK_HEADER = YES;
				CLANG_WARN_RANGE_LOOP_ANALYSIS = YES;
				CLANG_WARN_STRICT_PROTOTYPES = YES;
				CLANG_WARN_SUSPICIOUS_MOVE = YES;
				CLANG_WARN_UNGUARDED_AVAILABILITY = YES_AGGRESSIVE;
				CLANG_WARN_UNREACHABLE_CODE = YES;
				CLANG_WARN__DUPLICATE_METHOD_MATCH = YES;
				COPY_PHASE_STRIP = NO;
				DEBUG_INFORMATION_FORMAT = "dwarf-with-dsym";
				ENABLE_NS_ASSERTIONS = NO;
				ENABLE_STRICT_OBJC_MSGSEND = YES;
				ENABLE_USER_SCRIPT_SANDBOXING = YES;
				GCC_C_LANGUAGE_STANDARD = gnu17;
				GCC_NO_COMMON_BLOCKS = YES;
				GCC_WARN_64_TO_32_BIT_CONVERSION = YES;
				GCC_WARN_ABOUT_RETURN_TYPE = YES_ERROR;
				GCC_WARN_UNDECLARED_SELECTOR = YES;
				GCC_WARN_UNINITIALIZED_AUTOS = YES_AGGRESSIVE;
				GCC_WARN_UNUSED_FUNCTION = YES;
				GCC_WARN_UNUSED_VARIABLE = YES;
				IPHONEOS_DEPLOYMENT_TARGET = 17.4;
				LOCALIZATION_PREFERS_STRING_CATALOGS = YES;
				MTL_ENABLE_DEBUG_INFO = NO;
				MTL_FAST_MATH = YES;
				SDKROOT = iphoneos;
				SWIFT_COMPILATION_MODE = wholemodule;
				VALIDATE_PRODUCT = YES;
			};
			name = Release;
		};
		1179D8512C41F4680081539C /* Debug */ = {
			isa = XCBuildConfiguration;
			buildSettings = {
				ASSETCATALOG_COMPILER_APPICON_NAME = AppIcon;
				ASSETCATALOG_COMPILER_GLOBAL_ACCENT_COLOR_NAME = AccentColor;
				CODE_SIGN_STYLE = Automatic;
				CURRENT_PROJECT_VERSION = 1;
				DEVELOPMENT_ASSET_PATHS = "\"VisageVerify/Preview Content\"";
				DEVELOPMENT_TEAM = 85NFQH89VR;
				ENABLE_PREVIEWS = YES;
				GENERATE_INFOPLIST_FILE = YES;
				INFOPLIST_FILE = VisageVerify/Info.plist;
				INFOPLIST_KEY_UIApplicationSceneManifest_Generation = YES;
				INFOPLIST_KEY_UIApplicationSupportsIndirectInputEvents = YES;
				INFOPLIST_KEY_UILaunchScreen_Generation = YES;
				INFOPLIST_KEY_UISupportedInterfaceOrientations_iPad = "UIInterfaceOrientationPortrait UIInterfaceOrientationPortraitUpsideDown UIInterfaceOrientationLandscapeLeft UIInterfaceOrientationLandscapeRight";
				INFOPLIST_KEY_UISupportedInterfaceOrientations_iPhone = "UIInterfaceOrientationPortrait UIInterfaceOrientationLandscapeLeft UIInterfaceOrientationLandscapeRight";
				LD_RUNPATH_SEARCH_PATHS = (
					"$(inherited)",
					"@executable_path/Frameworks",
				);
				MARKETING_VERSION = 1.0;
				PRODUCT_BUNDLE_IDENTIFIER = com.example.VisageVerify;
				PRODUCT_NAME = "$(TARGET_NAME)";
				SWIFT_EMIT_LOC_STRINGS = YES;
				SWIFT_VERSION = 5.0;
				TARGETED_DEVICE_FAMILY = "1,2";
			};
			name = Debug;
		};
		1179D8522C41F4680081539C /* Release */ = {
			isa = XCBuildConfiguration;
			buildSettings = {
				ASSETCATALOG_COMPILER_APPICON_NAME = AppIcon;
				ASSETCATALOG_COMPILER_GLOBAL_ACCENT_COLOR_NAME = AccentColor;
				CODE_SIGN_STYLE = Automatic;
				CURRENT_PROJECT_VERSION = 1;
				DEVELOPMENT_ASSET_PATHS = "\"VisageVerify/Preview Content\"";
				DEVELOPMENT_TEAM = 85NFQH89VR;
				ENABLE_PREVIEWS = YES;
				GENERATE_INFOPLIST_FILE = YES;
				INFOPLIST_FILE = VisageVerify/Info.plist;
				INFOPLIST_KEY_UIApplicationSceneManifest_Generation = YES;
				INFOPLIST_KEY_UIApplicationSupportsIndirectInputEvents = YES;
				INFOPLIST_KEY_UILaunchScreen_Generation = YES;
				INFOPLIST_KEY_UISupportedInterfaceOrientations_iPad = "UIInterfaceOrientationPortrait UIInterfaceOrientationPortraitUpsideDown UIInterfaceOrientationLandscapeLeft UIInterfaceOrientationLandscapeRight";
				INFOPLIST_KEY_UISupportedInterfaceOrientations_iPhone = "UIInterfaceOrientationPortrait UIInterfaceOrientationLandscapeLeft UIInterfaceOrientationLandscapeRight";
				LD_RUNPATH_SEARCH_PATHS = (
					"$(inherited)",
					"@executable_path/Frameworks",
				);
				MARKETING_VERSION = 1.0;
				PRODUCT_BUNDLE_IDENTIFIER = com.example.VisageVerify;
				PRODUCT_NAME = "$(TARGET_NAME)";
				SWIFT_EMIT_LOC_STRINGS = YES;
				SWIFT_VERSION = 5.0;
				TARGETED_DEVICE_FAMILY = "1,2";
			};
			name = Release;
		};
/* End XCBuildConfiguration section */

/* Begin XCConfigurationList section */
		1179D83D2C41F4670081539C /* Build configuration list for PBXProject "VisageVerify" */ = {
			isa = XCConfigurationList;
			buildConfigurations = (
				1179D84E2C41F4680081539C /* Debug */,
				1179D84F2C41F4680081539C /* Release */,
			);
			defaultConfigurationIsVisible = 0;
			defaultConfigurationName = Release;
		};
		1179D8502C41F4680081539C /* Build configuration list for PBXNativeTarget "VisageVerify" */ = {
			isa = XCConfigurationList;
			buildConfigurations = (
				1179D8512C41F4680081539C /* Debug */,
				1179D8522C41F4680081539C /* Release */,
			);
			defaultConfigurationIsVisible = 0;
			defaultConfigurationName = Release;
		};
/* End XCConfigurationList section */

/* Begin XCRemoteSwiftPackageReference section */
		1162C0EC2C72B68300CB5B7D /* XCRemoteSwiftPackageReference "firebase-ios-sdk" */ = {
			isa = XCRemoteSwiftPackageReference;
			repositoryURL = "https://github.com/firebase/firebase-ios-sdk";
			requirement = {
				kind = upToNextMajorVersion;
				minimumVersion = 11.0.0;
			};
		};
/* End XCRemoteSwiftPackageReference section */

/* Begin XCSwiftPackageProductDependency section */
		1162C0ED2C72B68300CB5B7D /* FirebaseAnalytics */ = {
			isa = XCSwiftPackageProductDependency;
			package = 1162C0EC2C72B68300CB5B7D /* XCRemoteSwiftPackageReference "firebase-ios-sdk" */;
			productName = FirebaseAnalytics;
		};
		1162C0EF2C72B68300CB5B7D /* FirebaseAnalyticsOnDeviceConversion */ = {
			isa = XCSwiftPackageProductDependency;
			package = 1162C0EC2C72B68300CB5B7D /* XCRemoteSwiftPackageReference "firebase-ios-sdk" */;
			productName = FirebaseAnalyticsOnDeviceConversion;
		};
		1162C0F12C72B68300CB5B7D /* FirebaseAppCheck */ = {
			isa = XCSwiftPackageProductDependency;
			package = 1162C0EC2C72B68300CB5B7D /* XCRemoteSwiftPackageReference "firebase-ios-sdk" */;
			productName = FirebaseAppCheck;
		};
		1162C0F32C72B68300CB5B7D /* FirebaseAppDistribution-Beta */ = {
			isa = XCSwiftPackageProductDependency;
			package = 1162C0EC2C72B68300CB5B7D /* XCRemoteSwiftPackageReference "firebase-ios-sdk" */;
			productName = "FirebaseAppDistribution-Beta";
		};
		1162C0F52C72B68300CB5B7D /* FirebaseAuth */ = {
			isa = XCSwiftPackageProductDependency;
			package = 1162C0EC2C72B68300CB5B7D /* XCRemoteSwiftPackageReference "firebase-ios-sdk" */;
			productName = FirebaseAuth;
		};
		1162C0F72C72B68300CB5B7D /* FirebaseAuthCombine-Community */ = {
			isa = XCSwiftPackageProductDependency;
			package = 1162C0EC2C72B68300CB5B7D /* XCRemoteSwiftPackageReference "firebase-ios-sdk" */;
			productName = "FirebaseAuthCombine-Community";
		};
		1162C0F92C72B68300CB5B7D /* FirebaseCrashlytics */ = {
			isa = XCSwiftPackageProductDependency;
			package = 1162C0EC2C72B68300CB5B7D /* XCRemoteSwiftPackageReference "firebase-ios-sdk" */;
			productName = FirebaseCrashlytics;
		};
		1162C0FB2C72B68300CB5B7D /* FirebaseDatabase */ = {
			isa = XCSwiftPackageProductDependency;
			package = 1162C0EC2C72B68300CB5B7D /* XCRemoteSwiftPackageReference "firebase-ios-sdk" */;
			productName = FirebaseDatabase;
		};
		1162C0FD2C72B68300CB5B7D /* FirebaseDynamicLinks */ = {
			isa = XCSwiftPackageProductDependency;
			package = 1162C0EC2C72B68300CB5B7D /* XCRemoteSwiftPackageReference "firebase-ios-sdk" */;
			productName = FirebaseDynamicLinks;
		};
		1162C0FF2C72B68300CB5B7D /* FirebaseFirestore */ = {
			isa = XCSwiftPackageProductDependency;
			package = 1162C0EC2C72B68300CB5B7D /* XCRemoteSwiftPackageReference "firebase-ios-sdk" */;
			productName = FirebaseFirestore;
		};
		1162C1012C72B68300CB5B7D /* FirebaseFirestoreCombine-Community */ = {
			isa = XCSwiftPackageProductDependency;
			package = 1162C0EC2C72B68300CB5B7D /* XCRemoteSwiftPackageReference "firebase-ios-sdk" */;
			productName = "FirebaseFirestoreCombine-Community";
		};
		1162C1032C72B68300CB5B7D /* FirebaseFunctions */ = {
			isa = XCSwiftPackageProductDependency;
			package = 1162C0EC2C72B68300CB5B7D /* XCRemoteSwiftPackageReference "firebase-ios-sdk" */;
			productName = FirebaseFunctions;
		};
		1162C1052C72B68300CB5B7D /* FirebaseFunctionsCombine-Community */ = {
			isa = XCSwiftPackageProductDependency;
			package = 1162C0EC2C72B68300CB5B7D /* XCRemoteSwiftPackageReference "firebase-ios-sdk" */;
			productName = "FirebaseFunctionsCombine-Community";
		};
		1162C1072C72B68300CB5B7D /* FirebaseInAppMessaging-Beta */ = {
			isa = XCSwiftPackageProductDependency;
			package = 1162C0EC2C72B68300CB5B7D /* XCRemoteSwiftPackageReference "firebase-ios-sdk" */;
			productName = "FirebaseInAppMessaging-Beta";
		};
		1162C1092C72B68300CB5B7D /* FirebaseInstallations */ = {
			isa = XCSwiftPackageProductDependency;
			package = 1162C0EC2C72B68300CB5B7D /* XCRemoteSwiftPackageReference "firebase-ios-sdk" */;
			productName = FirebaseInstallations;
		};
		1162C10B2C72B68300CB5B7D /* FirebaseMLModelDownloader */ = {
			isa = XCSwiftPackageProductDependency;
			package = 1162C0EC2C72B68300CB5B7D /* XCRemoteSwiftPackageReference "firebase-ios-sdk" */;
			productName = FirebaseMLModelDownloader;
		};
		1162C10D2C72B68300CB5B7D /* FirebaseMessaging */ = {
			isa = XCSwiftPackageProductDependency;
			package = 1162C0EC2C72B68300CB5B7D /* XCRemoteSwiftPackageReference "firebase-ios-sdk" */;
			productName = FirebaseMessaging;
		};
		1162C10F2C72B68300CB5B7D /* FirebasePerformance */ = {
			isa = XCSwiftPackageProductDependency;
			package = 1162C0EC2C72B68300CB5B7D /* XCRemoteSwiftPackageReference "firebase-ios-sdk" */;
			productName = FirebasePerformance;
		};
		1162C1112C72B68300CB5B7D /* FirebaseRemoteConfig */ = {
			isa = XCSwiftPackageProductDependency;
			package = 1162C0EC2C72B68300CB5B7D /* XCRemoteSwiftPackageReference "firebase-ios-sdk" */;
			productName = FirebaseRemoteConfig;
		};
		1162C1132C72B68300CB5B7D /* FirebaseStorage */ = {
			isa = XCSwiftPackageProductDependency;
			package = 1162C0EC2C72B68300CB5B7D /* XCRemoteSwiftPackageReference "firebase-ios-sdk" */;
			productName = FirebaseStorage;
		};
		1162C1152C72B68300CB5B7D /* FirebaseStorageCombine-Community */ = {
			isa = XCSwiftPackageProductDependency;
			package = 1162C0EC2C72B68300CB5B7D /* XCRemoteSwiftPackageReference "firebase-ios-sdk" */;
			productName = "FirebaseStorageCombine-Community";
		};
		1162C1172C72B68300CB5B7D /* FirebaseVertexAI-Preview */ = {
			isa = XCSwiftPackageProductDependency;
			package = 1162C0EC2C72B68300CB5B7D /* XCRemoteSwiftPackageReference "firebase-ios-sdk" */;
			productName = "FirebaseVertexAI-Preview";
		};
/* End XCSwiftPackageProductDependency section */
	};
	rootObject = 1179D83A2C41F4670081539C /* Project object */;
}
